
Microsoft Visual Studio Solution File, Format Version 12.00
# Visual Studio Version 17
VisualStudioVersion = 17.6.33829.357
MinimumVisualStudioVersion = 10.0.40219.1
Project("{FAE04EC0-301F-11D3-BF4B-00C04F79EFBC}") = "RemoteSystemInfo", "RemoteSystemInfo\RemoteSystemInfo.csproj", "{63C049F7-7DD8-4490-A24D-5FB5D710B816}"
EndProject
Global
	GlobalSection(SolutionConfigurationPlatforms) = preSolution
		Debug|Any CPU = Debug|Any CPU
		Release|Any CPU = Release|Any CPU
	EndGlobalSection
	GlobalSection(ProjectConfigurationPlatforms) = postSolution
		{63C049F7-7DD8-4490-A24D-5FB5D710B816}.Debug|Any CPU.ActiveCfg = Debug|Any CPU
		{63C049F7-7DD8-4490-A24D-5FB5D710B816}.Debug|Any CPU.Build.0 = Debug|Any CPU
		{63C049F7-7DD8-4490-A24D-5FB5D710B816}.Release|Any CPU.ActiveCfg = Release|Any CPU
		{63C049F7-7DD8-4490-A24D-5FB5D710B816}.Release|Any CPU.Build.0 = Release|Any CPU
	EndGlobalSection
	GlobalSection(SolutionProperties) = preSolution
		HideSolutionNode = FALSE
	EndGlobalSection
	GlobalSection(ExtensibilityGlobals) = postSolution
		SolutionGuid = {EEAA9364-D6B0-49D9-9742-96E33AF1CE98}
	EndGlobalSection
EndGlobal
